{
  "originHash" : "ca711d26a1233f09a1379614367742da9173f3fadde2f8a85e12929e9b78b20a",
  "pins" : [
    {
      "identity" : "biometrics",
      "kind" : "remoteSourceControl",
      "location" : "https://github.com/kevingreen22/Biometrics.git",
      "state" : {
        "revision" : "f5be26230ea173bba3d7be873ad306a0397b92ad",
        "version" : "1.0.1"
      }
    },
    {
      "identity" : "hapticmanager",
      "kind" : "remoteSourceControl",
      "location" : "https://github.com/kevingreen22/HapticManager.git",
      "state" : {
        "revision" : "e7e4a0477080574dc8ccd573137bc2dc016cff28",
        "version" : "1.0.1"
      }
    },
    {
      "identity" : "kgviews",
      "kind" : "remoteSourceControl",
      "location" : "https://github.com/kevingreen22/KGViews",
      "state" : {
        "revision" : "f49325ca6230661c47ae50eefe4e89526693a15a",
        "version" : "1.1.1"
      }
    }
  ],
  "version" : 3
}
